
Microsoft Visual Studio Solution File, Format Version 9.00
# Visual C# Express 2005
Project("{FAE04EC0-301F-11D3-BF4B-00C04F79EFBC}") = "Basics", "Basics\Basics.csproj", "{D16076A0-4FBB-45A4-98D8-D75324D2EA41}"
EndProject
Project("{FAE04EC0-301F-11D3-BF4B-00C04F79EFBC}") = "BasicsClean", "BasicsClean\BasicsClean.csproj", "{1B4618C6-20E6-4A01-A9B2-82CC276BC96B}"
EndProject
Global
	GlobalSection(SolutionConfigurationPlatforms) = preSolution
		Debug|x86 = Debug|x86
		Release|x86 = Release|x86
	EndGlobalSection
	GlobalSection(ProjectConfigurationPlatforms) = postSolution
		{D16076A0-4FBB-45A4-98D8-D75324D2EA41}.Debug|x86.ActiveCfg = Debug|x86
		{D16076A0-4FBB-45A4-98D8-D75324D2EA41}.Debug|x86.Build.0 = Debug|x86
		{D16076A0-4FBB-45A4-98D8-D75324D2EA41}.Release|x86.ActiveCfg = Release|x86
		{D16076A0-4FBB-45A4-98D8-D75324D2EA41}.Release|x86.Build.0 = Release|x86
		{1B4618C6-20E6-4A01-A9B2-82CC276BC96B}.Debug|x86.ActiveCfg = Debug|x86
		{1B4618C6-20E6-4A01-A9B2-82CC276BC96B}.Debug|x86.Build.0 = Debug|x86
		{1B4618C6-20E6-4A01-A9B2-82CC276BC96B}.Release|x86.ActiveCfg = Release|x86
		{1B4618C6-20E6-4A01-A9B2-82CC276BC96B}.Release|x86.Build.0 = Release|x86
	EndGlobalSection
	GlobalSection(SolutionProperties) = preSolution
		HideSolutionNode = FALSE
	EndGlobalSection
EndGlobal
